<?xml version="1.0" encoding="UTF-8"?>
<CodeBlocks_project_file>
	<FileVersion major="1" minor="6"/>
	<Project>
		<Option title="rootproject"/>
		<Option makefile_is_custom="1"/>
		<Option compiler="gcc"/>
		<Option virtualFolders="CMake Files\;CMake Files\tests\;CMake Files\tests\src\;CMake Files\src\;"/>
		<Build>
			<Target title="all">
				<Option working_dir="/Users/toto/sandbox/newton-raphson"/>
				<Option type="4"/>
				<MakeCommands>
					<Build command="/usr/bin/make -j4 -f &quot;/Users/toto/sandbox/newton-raphson/Makefile&quot;  VERBOSE=1 all"/>
					<CompileFile command="/usr/bin/make -j4 -f &quot;/Users/toto/sandbox/newton-raphson/Makefile&quot;  VERBOSE=1 &quot;$file&quot;"/>
					<Clean command="/usr/bin/make -j4 -f &quot;/Users/toto/sandbox/newton-raphson/Makefile&quot;  VERBOSE=1 clean"/>
					<DistClean command="/usr/bin/make -j4 -f &quot;/Users/toto/sandbox/newton-raphson/Makefile&quot;  VERBOSE=1 clean"/>
				</MakeCommands>
			</Target>
			<Target title="edit_cache">
				<Option working_dir="/Users/toto/sandbox/newton-raphson"/>
				<Option type="4"/>
				<MakeCommands>
					<Build command="/usr/bin/make -j4 -f &quot;/Users/toto/sandbox/newton-raphson/Makefile&quot;  VERBOSE=1 edit_cache"/>
					<CompileFile command="/usr/bin/make -j4 -f &quot;/Users/toto/sandbox/newton-raphson/Makefile&quot;  VERBOSE=1 &quot;$file&quot;"/>
					<Clean command="/usr/bin/make -j4 -f &quot;/Users/toto/sandbox/newton-raphson/Makefile&quot;  VERBOSE=1 clean"/>
					<DistClean command="/usr/bin/make -j4 -f &quot;/Users/toto/sandbox/newton-raphson/Makefile&quot;  VERBOSE=1 clean"/>
				</MakeCommands>
			</Target>
			<Target title="rebuild_cache">
				<Option working_dir="/Users/toto/sandbox/newton-raphson"/>
				<Option type="4"/>
				<MakeCommands>
					<Build command="/usr/bin/make -j4 -f &quot;/Users/toto/sandbox/newton-raphson/Makefile&quot;  VERBOSE=1 rebuild_cache"/>
					<CompileFile command="/usr/bin/make -j4 -f &quot;/Users/toto/sandbox/newton-raphson/Makefile&quot;  VERBOSE=1 &quot;$file&quot;"/>
					<Clean command="/usr/bin/make -j4 -f &quot;/Users/toto/sandbox/newton-raphson/Makefile&quot;  VERBOSE=1 clean"/>
					<DistClean command="/usr/bin/make -j4 -f &quot;/Users/toto/sandbox/newton-raphson/Makefile&quot;  VERBOSE=1 clean"/>
				</MakeCommands>
			</Target>
			<Target title="foobars">
				<Option output="/Users/toto/sandbox/newton-raphson/lib/libfoobars.a" prefix_auto="0" extension_auto="0"/>
				<Option working_dir="/Users/toto/sandbox/newton-raphson/src"/>
				<Option object_output="./"/>
				<Option type="2"/>
				<Option compiler="gcc"/>
				<Compiler>
					<Add directory="/Users/toto/sandbox/newton-raphson/src/../include"/>
					<Add directory="/usr/local/include"/>
					<Add directory="/Applications/Xcode.app/Contents/Developer/Toolchains/XcodeDefault.xctoolchain/usr/bin/../lib/clang/8.0.0/include"/>
					<Add directory="/Applications/Xcode.app/Contents/Developer/Toolchains/XcodeDefault.xctoolchain/usr/include"/>
					<Add directory="/usr/include"/>
					<Add directory="/System/Library/Frameworks"/>
					<Add directory="/Library/Frameworks"/>
					<Add directory="/Applications/Xcode.app/Contents/Developer/Toolchains/XcodeDefault.xctoolchain/usr/bin/../include/c++/v1"/>
				</Compiler>
				<MakeCommands>
					<Build command="/usr/bin/make -j4 -f &quot;/Users/toto/sandbox/newton-raphson/src/Makefile&quot;  VERBOSE=1 foobars"/>
					<CompileFile command="/usr/bin/make -j4 -f &quot;/Users/toto/sandbox/newton-raphson/src/Makefile&quot;  VERBOSE=1 &quot;$file&quot;"/>
					<Clean command="/usr/bin/make -j4 -f &quot;/Users/toto/sandbox/newton-raphson/src/Makefile&quot;  VERBOSE=1 clean"/>
					<DistClean command="/usr/bin/make -j4 -f &quot;/Users/toto/sandbox/newton-raphson/src/Makefile&quot;  VERBOSE=1 clean"/>
				</MakeCommands>
			</Target>
			<Target title="foobars/fast">
				<Option output="/Users/toto/sandbox/newton-raphson/lib/libfoobars.a" prefix_auto="0" extension_auto="0"/>
				<Option working_dir="/Users/toto/sandbox/newton-raphson/src"/>
				<Option object_output="./"/>
				<Option type="2"/>
				<Option compiler="gcc"/>
				<Compiler>
					<Add directory="/Users/toto/sandbox/newton-raphson/src/../include"/>
					<Add directory="/usr/local/include"/>
					<Add directory="/Applications/Xcode.app/Contents/Developer/Toolchains/XcodeDefault.xctoolchain/usr/bin/../lib/clang/8.0.0/include"/>
					<Add directory="/Applications/Xcode.app/Contents/Developer/Toolchains/XcodeDefault.xctoolchain/usr/include"/>
					<Add directory="/usr/include"/>
					<Add directory="/System/Library/Frameworks"/>
					<Add directory="/Library/Frameworks"/>
					<Add directory="/Applications/Xcode.app/Contents/Developer/Toolchains/XcodeDefault.xctoolchain/usr/bin/../include/c++/v1"/>
				</Compiler>
				<MakeCommands>
					<Build command="/usr/bin/make -j4 -f &quot;/Users/toto/sandbox/newton-raphson/src/Makefile&quot;  VERBOSE=1 foobars/fast"/>
					<CompileFile command="/usr/bin/make -j4 -f &quot;/Users/toto/sandbox/newton-raphson/src/Makefile&quot;  VERBOSE=1 &quot;$file&quot;"/>
					<Clean command="/usr/bin/make -j4 -f &quot;/Users/toto/sandbox/newton-raphson/src/Makefile&quot;  VERBOSE=1 clean"/>
					<DistClean command="/usr/bin/make -j4 -f &quot;/Users/toto/sandbox/newton-raphson/src/Makefile&quot;  VERBOSE=1 clean"/>
				</MakeCommands>
			</Target>
			<Target title="runTests">
				<Option output="/Users/toto/sandbox/newton-raphson/tests/runTests" prefix_auto="0" extension_auto="0"/>
				<Option working_dir="/Users/toto/sandbox/newton-raphson/tests"/>
				<Option object_output="./"/>
				<Option type="1"/>
				<Option compiler="gcc"/>
				<Compiler>
					<Add directory="/Users/toto/sandbox/newton-raphson/tests/include"/>
					<Add directory="/Users/toto/sandbox/newton-raphson/tests/../include/NewtonRaphson"/>
					<Add directory="/usr/local/include"/>
					<Add directory="/Applications/Xcode.app/Contents/Developer/Toolchains/XcodeDefault.xctoolchain/usr/bin/../lib/clang/8.0.0/include"/>
					<Add directory="/Applications/Xcode.app/Contents/Developer/Toolchains/XcodeDefault.xctoolchain/usr/include"/>
					<Add directory="/usr/include"/>
					<Add directory="/System/Library/Frameworks"/>
					<Add directory="/Library/Frameworks"/>
					<Add directory="/Applications/Xcode.app/Contents/Developer/Toolchains/XcodeDefault.xctoolchain/usr/bin/../include/c++/v1"/>
				</Compiler>
				<MakeCommands>
					<Build command="/usr/bin/make -j4 -f &quot;/Users/toto/sandbox/newton-raphson/tests/Makefile&quot;  VERBOSE=1 runTests"/>
					<CompileFile command="/usr/bin/make -j4 -f &quot;/Users/toto/sandbox/newton-raphson/tests/Makefile&quot;  VERBOSE=1 &quot;$file&quot;"/>
					<Clean command="/usr/bin/make -j4 -f &quot;/Users/toto/sandbox/newton-raphson/tests/Makefile&quot;  VERBOSE=1 clean"/>
					<DistClean command="/usr/bin/make -j4 -f &quot;/Users/toto/sandbox/newton-raphson/tests/Makefile&quot;  VERBOSE=1 clean"/>
				</MakeCommands>
			</Target>
			<Target title="runTests/fast">
				<Option output="/Users/toto/sandbox/newton-raphson/tests/runTests" prefix_auto="0" extension_auto="0"/>
				<Option working_dir="/Users/toto/sandbox/newton-raphson/tests"/>
				<Option object_output="./"/>
				<Option type="1"/>
				<Option compiler="gcc"/>
				<Compiler>
					<Add directory="/Users/toto/sandbox/newton-raphson/tests/include"/>
					<Add directory="/Users/toto/sandbox/newton-raphson/tests/../include/NewtonRaphson"/>
					<Add directory="/usr/local/include"/>
					<Add directory="/Applications/Xcode.app/Contents/Developer/Toolchains/XcodeDefault.xctoolchain/usr/bin/../lib/clang/8.0.0/include"/>
					<Add directory="/Applications/Xcode.app/Contents/Developer/Toolchains/XcodeDefault.xctoolchain/usr/include"/>
					<Add directory="/usr/include"/>
					<Add directory="/System/Library/Frameworks"/>
					<Add directory="/Library/Frameworks"/>
					<Add directory="/Applications/Xcode.app/Contents/Developer/Toolchains/XcodeDefault.xctoolchain/usr/bin/../include/c++/v1"/>
				</Compiler>
				<MakeCommands>
					<Build command="/usr/bin/make -j4 -f &quot;/Users/toto/sandbox/newton-raphson/tests/Makefile&quot;  VERBOSE=1 runTests/fast"/>
					<CompileFile command="/usr/bin/make -j4 -f &quot;/Users/toto/sandbox/newton-raphson/tests/Makefile&quot;  VERBOSE=1 &quot;$file&quot;"/>
					<Clean command="/usr/bin/make -j4 -f &quot;/Users/toto/sandbox/newton-raphson/tests/Makefile&quot;  VERBOSE=1 clean"/>
					<DistClean command="/usr/bin/make -j4 -f &quot;/Users/toto/sandbox/newton-raphson/tests/Makefile&quot;  VERBOSE=1 clean"/>
				</MakeCommands>
			</Target>
			<Target title="toto">
				<Option output="/Users/toto/sandbox/newton-raphson/tests/lib/libtoto.a" prefix_auto="0" extension_auto="0"/>
				<Option working_dir="/Users/toto/sandbox/newton-raphson/tests/src"/>
				<Option object_output="./"/>
				<Option type="2"/>
				<Option compiler="gcc"/>
				<Compiler>
					<Add directory="/Users/toto/sandbox/newton-raphson/tests/include"/>
					<Add directory="/Users/toto/sandbox/newton-raphson/tests/../include/NewtonRaphson"/>
					<Add directory="/Users/toto/sandbox/newton-raphson/tests/src/../include"/>
					<Add directory="/Users/toto/sandbox/newton-raphson/tests/src/../../include/newtonRaphson"/>
					<Add directory="/usr/local/include"/>
					<Add directory="/Applications/Xcode.app/Contents/Developer/Toolchains/XcodeDefault.xctoolchain/usr/bin/../lib/clang/8.0.0/include"/>
					<Add directory="/Applications/Xcode.app/Contents/Developer/Toolchains/XcodeDefault.xctoolchain/usr/include"/>
					<Add directory="/usr/include"/>
					<Add directory="/System/Library/Frameworks"/>
					<Add directory="/Library/Frameworks"/>
					<Add directory="/Applications/Xcode.app/Contents/Developer/Toolchains/XcodeDefault.xctoolchain/usr/bin/../include/c++/v1"/>
				</Compiler>
				<MakeCommands>
					<Build command="/usr/bin/make -j4 -f &quot;/Users/toto/sandbox/newton-raphson/tests/src/Makefile&quot;  VERBOSE=1 toto"/>
					<CompileFile command="/usr/bin/make -j4 -f &quot;/Users/toto/sandbox/newton-raphson/tests/src/Makefile&quot;  VERBOSE=1 &quot;$file&quot;"/>
					<Clean command="/usr/bin/make -j4 -f &quot;/Users/toto/sandbox/newton-raphson/tests/src/Makefile&quot;  VERBOSE=1 clean"/>
					<DistClean command="/usr/bin/make -j4 -f &quot;/Users/toto/sandbox/newton-raphson/tests/src/Makefile&quot;  VERBOSE=1 clean"/>
				</MakeCommands>
			</Target>
			<Target title="toto/fast">
				<Option output="/Users/toto/sandbox/newton-raphson/tests/lib/libtoto.a" prefix_auto="0" extension_auto="0"/>
				<Option working_dir="/Users/toto/sandbox/newton-raphson/tests/src"/>
				<Option object_output="./"/>
				<Option type="2"/>
				<Option compiler="gcc"/>
				<Compiler>
					<Add directory="/Users/toto/sandbox/newton-raphson/tests/include"/>
					<Add directory="/Users/toto/sandbox/newton-raphson/tests/../include/NewtonRaphson"/>
					<Add directory="/Users/toto/sandbox/newton-raphson/tests/src/../include"/>
					<Add directory="/Users/toto/sandbox/newton-raphson/tests/src/../../include/newtonRaphson"/>
					<Add directory="/usr/local/include"/>
					<Add directory="/Applications/Xcode.app/Contents/Developer/Toolchains/XcodeDefault.xctoolchain/usr/bin/../lib/clang/8.0.0/include"/>
					<Add directory="/Applications/Xcode.app/Contents/Developer/Toolchains/XcodeDefault.xctoolchain/usr/include"/>
					<Add directory="/usr/include"/>
					<Add directory="/System/Library/Frameworks"/>
					<Add directory="/Library/Frameworks"/>
					<Add directory="/Applications/Xcode.app/Contents/Developer/Toolchains/XcodeDefault.xctoolchain/usr/bin/../include/c++/v1"/>
				</Compiler>
				<MakeCommands>
					<Build command="/usr/bin/make -j4 -f &quot;/Users/toto/sandbox/newton-raphson/tests/src/Makefile&quot;  VERBOSE=1 toto/fast"/>
					<CompileFile command="/usr/bin/make -j4 -f &quot;/Users/toto/sandbox/newton-raphson/tests/src/Makefile&quot;  VERBOSE=1 &quot;$file&quot;"/>
					<Clean command="/usr/bin/make -j4 -f &quot;/Users/toto/sandbox/newton-raphson/tests/src/Makefile&quot;  VERBOSE=1 clean"/>
					<DistClean command="/usr/bin/make -j4 -f &quot;/Users/toto/sandbox/newton-raphson/tests/src/Makefile&quot;  VERBOSE=1 clean"/>
				</MakeCommands>
			</Target>
		</Build>
		<Unit filename="/Users/toto/sandbox/newton-raphson/src/foobar1.cpp">
			<Option target="foobars"/>
		</Unit>
		<Unit filename="/Users/toto/sandbox/newton-raphson/src/foobar2.cpp">
			<Option target="foobars"/>
		</Unit>
		<Unit filename="/Users/toto/sandbox/newton-raphson/tests/mainRunner.cpp">
			<Option target="runTests"/>
		</Unit>
		<Unit filename="/Users/toto/sandbox/newton-raphson/tests/src/testDerivative.cpp">
			<Option target="toto"/>
		</Unit>
		<Unit filename="/Users/toto/sandbox/newton-raphson/tests/src/testNewtonRaphson.cpp">
			<Option target="toto"/>
		</Unit>
		<Unit filename="/Users/toto/sandbox/newton-raphson/CMakeLists.txt">
			<Option virtualFolder="CMake Files\"/>
		</Unit>
		<Unit filename="/Users/toto/sandbox/newton-raphson/tests/CMakeLists.txt">
			<Option virtualFolder="CMake Files\tests\"/>
		</Unit>
		<Unit filename="/Users/toto/sandbox/newton-raphson/tests/CMakeLists.txt">
			<Option virtualFolder="CMake Files\tests\"/>
		</Unit>
		<Unit filename="/Users/toto/sandbox/newton-raphson/tests/src/CMakeLists.txt">
			<Option virtualFolder="CMake Files\tests\src\"/>
		</Unit>
		<Unit filename="/Users/toto/sandbox/newton-raphson/tests/src/CMakeLists.txt">
			<Option virtualFolder="CMake Files\tests\src\"/>
		</Unit>
		<Unit filename="/Users/toto/sandbox/newton-raphson/src/CMakeLists.txt">
			<Option virtualFolder="CMake Files\src\"/>
		</Unit>
	</Project>
</CodeBlocks_project_file>
